
Microsoft Visual Studio Solution File, Format Version 12.00
# Visual Studio Version 17
VisualStudioVersion = 17.13.35723.152
MinimumVisualStudioVersion = 10.0.40219.1
Project("{2150E333-8FDC-42A3-9474-1A3956D46DE8}") = "Core", "Core", "{02EA681E-C7D8-13C7-8484-4AC65E1B71E8}"
EndProject
Project("{2150E333-8FDC-42A3-9474-1A3956D46DE8}") = "Gateway", "Gateway", "{828D8616-2A59-41C8-800E-5B748B9D43B0}"
EndProject
Project("{2150E333-8FDC-42A3-9474-1A3956D46DE8}") = "Services", "Services", "{BB818770-3B6F-4591-AC52-284EAA17D5B2}"
EndProject
Project("{2150E333-8FDC-42A3-9474-1A3956D46DE8}") = "Tests", "Tests", "{8BC70A1B-724E-4116-B626-0E8D32562CCA}"
EndProject
Project("{2150E333-8FDC-42A3-9474-1A3956D46DE8}") = "Aspire", "Aspire", "{5C386836-29CB-4B30-84E8-3EAC4EC487B7}"
EndProject
Project("{2150E333-8FDC-42A3-9474-1A3956D46DE8}") = "Application", "Application", "{9550FB6E-3F57-4B86-A5C6-F38FC648EC46}"
EndProject
Project("{2150E333-8FDC-42A3-9474-1A3956D46DE8}") = "Domain", "Domain", "{93728AC5-2BEC-4D55-B835-5178FD161D61}"
EndProject
Project("{2150E333-8FDC-42A3-9474-1A3956D46DE8}") = "Monitoring", "Monitoring", "{AC38A138-F91B-4CE9-9DE1-46D29F0E995D}"
EndProject
Project("{2150E333-8FDC-42A3-9474-1A3956D46DE8}") = "Alerts", "Alerts", "{0EF6EEBC-B1AC-4160-B3CA-FECA67061DB2}"
EndProject
Project("{2150E333-8FDC-42A3-9474-1A3956D46DE8}") = "Reporting", "Reporting", "{70BC3F8C-574B-4195-BFA2-50A53D3BFE5C}"
EndProject
Project("{FAE04EC0-301F-11D3-BF4B-00C04F79EFBC}") = "Alerts.Api", "src\Services\Alerts.Api\Alerts.Api.csproj", "{6A75CDD3-3110-69FD-FD6A-B5750DBF5620}"
EndProject
Project("{FAE04EC0-301F-11D3-BF4B-00C04F79EFBC}") = "Reporting.Api", "src\Services\Reporting.Api\Reporting.Api.csproj", "{00F956B3-291A-DBDB-23A5-9986255B65B0}"
EndProject
Project("{FAE04EC0-301F-11D3-BF4B-00C04F79EFBC}") = "RocketOps.Tests.UnitTests", "src\Tests\UnitTests\RocketOps.Tests.UnitTests.csproj", "{FDB1DCED-F6BA-4D5E-BF62-E2EFB0B4BF7E}"
EndProject
Project("{FAE04EC0-301F-11D3-BF4B-00C04F79EFBC}") = "RocketOps.Tests.IntegrationTests", "src\Tests\IntegrationTests\RocketOps.Tests.IntegrationTests.csproj", "{F94DF04F-DC24-4A98-B2E0-7FDAE324C0BA}"
EndProject
Project("{FAE04EC0-301F-11D3-BF4B-00C04F79EFBC}") = "RocketOps.Tests.E2ETests", "src\Tests\E2ETests\RocketOps.Tests.E2ETests.csproj", "{D090FB0A-D959-4357-AFC6-FF5382508DC9}"
EndProject
Project("{2150E333-8FDC-42A3-9474-1A3956D46DE8}") = "Infrastructure", "Infrastructure", "{60FAD85A-81FC-406B-A381-0E7BC84F7CBC}"
EndProject
Project("{2150E333-8FDC-42A3-9474-1A3956D46DE8}") = "Data", "Data", "{58388161-9068-48A4-B485-8DAFA67B3480}"
EndProject
Project("{FAE04EC0-301F-11D3-BF4B-00C04F79EFBC}") = "RocketOps.Aspire.AppHost", "src\Aspire\RocketOps.Aspire.AppHost\RocketOps.Aspire.AppHost.csproj", "{2E047E73-FF70-D66E-AEC4-29494A8C127A}"
EndProject
Project("{FAE04EC0-301F-11D3-BF4B-00C04F79EFBC}") = "RocketOps.Aspire.ServiceDefaults", "src\Aspire\RocketOps.Aspire.ServiceDefaults\RocketOps.Aspire.ServiceDefaults.csproj", "{B71C293A-6F89-1E00-CE46-6729C0186AE7}"
EndProject
Project("{FAE04EC0-301F-11D3-BF4B-00C04F79EFBC}") = "RocketOps.Core.Application", "src\Core\RocketOps.Core.Application\RocketOps.Core.Application.csproj", "{857CCADE-ED02-56AA-EFF0-8AFE079DFC79}"
EndProject
Project("{FAE04EC0-301F-11D3-BF4B-00C04F79EFBC}") = "RocketOps.Core.Domain", "src\Core\RocketOps.Core.Domain\RocketOps.Core.Domain.csproj", "{88A33C81-4D77-36C6-CF33-439ADA154AEA}"
EndProject
Project("{FAE04EC0-301F-11D3-BF4B-00C04F79EFBC}") = "RocketOps.Core.Infrastructure", "src\Core\RocketOps.Core.Infrastructure\RocketOps.Core.Infrastructure.csproj", "{55A714C8-DB5C-F579-6014-3621020E1ED6}"
EndProject
Project("{FAE04EC0-301F-11D3-BF4B-00C04F79EFBC}") = "RocketOps.Core.Infrastructure.CosmosDb", "src\Core\RocketOps.Core.Infrastructure.CosmosDb\RocketOps.Core.Infrastructure.CosmosDb.csproj", "{68AD308D-DB4C-E550-EF66-07EC96B22AE5}"
EndProject
Project("{FAE04EC0-301F-11D3-BF4B-00C04F79EFBC}") = "RocketOps.Gateway", "src\Gateway\RocketOps.Gateway\RocketOps.Gateway.csproj", "{4021EC87-C766-184D-8D63-D22442E1094F}"
EndProject
Project("{FAE04EC0-301F-11D3-BF4B-00C04F79EFBC}") = "RocketOps.Monitoring.Api", "src\Services\RocketOps.Monitoring.Api\RocketOps.Monitoring.Api.csproj", "{0C9693F2-2670-1376-BD89-5966454A7144}"
EndProject
Project("{FAE04EC0-301F-11D3-BF4B-00C04F79EFBC}") = "RocketOps.Monitoring.Application", "src\Services\RocketOps.Monitoring.Application\RocketOps.Monitoring.Application.csproj", "{D9203A80-DFE1-97CB-57AC-E7BF02B7048F}"
EndProject
Project("{FAE04EC0-301F-11D3-BF4B-00C04F79EFBC}") = "RocketOps.Monitoring.Domain", "src\Services\RocketOps.Monitoring.Domain\RocketOps.Monitoring.Domain.csproj", "{7DC4B15C-9537-F7D1-14A7-2EE980B306C8}"
EndProject
Project("{FAE04EC0-301F-11D3-BF4B-00C04F79EFBC}") = "RocketOps.Monitoring.Infrastructure", "src\Services\RocketOps.Monitoring.Infrastructure\RocketOps.Monitoring.Infrastructure.csproj", "{E2B5EBE9-1A6E-BB25-540F-3EFDD046BDFC}"
EndProject
Project("{FAE04EC0-301F-11D3-BF4B-00C04F79EFBC}") = "RocketOps.Core.Data", "src\Core\RocketOps.Core.Data\RocketOps.Core.Data.csproj", "{5401885D-1B7E-433E-A70F-E38DD49AE06C}"
EndProject
Global
	GlobalSection(SolutionConfigurationPlatforms) = preSolution
		Debug|Any CPU = Debug|Any CPU
		Release|Any CPU = Release|Any CPU
	EndGlobalSection
	GlobalSection(ProjectConfigurationPlatforms) = postSolution
		{6A75CDD3-3110-69FD-FD6A-B5750DBF5620}.Debug|Any CPU.ActiveCfg = Debug|Any CPU
		{6A75CDD3-3110-69FD-FD6A-B5750DBF5620}.Debug|Any CPU.Build.0 = Debug|Any CPU
		{6A75CDD3-3110-69FD-FD6A-B5750DBF5620}.Release|Any CPU.ActiveCfg = Release|Any CPU
		{6A75CDD3-3110-69FD-FD6A-B5750DBF5620}.Release|Any CPU.Build.0 = Release|Any CPU
		{00F956B3-291A-DBDB-23A5-9986255B65B0}.Debug|Any CPU.ActiveCfg = Debug|Any CPU
		{00F956B3-291A-DBDB-23A5-9986255B65B0}.Debug|Any CPU.Build.0 = Debug|Any CPU
		{00F956B3-291A-DBDB-23A5-9986255B65B0}.Release|Any CPU.ActiveCfg = Release|Any CPU
		{00F956B3-291A-DBDB-23A5-9986255B65B0}.Release|Any CPU.Build.0 = Release|Any CPU
		{FDB1DCED-F6BA-4D5E-BF62-E2EFB0B4BF7E}.Debug|Any CPU.ActiveCfg = Debug|Any CPU
		{FDB1DCED-F6BA-4D5E-BF62-E2EFB0B4BF7E}.Debug|Any CPU.Build.0 = Debug|Any CPU
		{FDB1DCED-F6BA-4D5E-BF62-E2EFB0B4BF7E}.Release|Any CPU.ActiveCfg = Release|Any CPU
		{FDB1DCED-F6BA-4D5E-BF62-E2EFB0B4BF7E}.Release|Any CPU.Build.0 = Release|Any CPU
		{F94DF04F-DC24-4A98-B2E0-7FDAE324C0BA}.Debug|Any CPU.ActiveCfg = Debug|Any CPU
		{F94DF04F-DC24-4A98-B2E0-7FDAE324C0BA}.Debug|Any CPU.Build.0 = Debug|Any CPU
		{F94DF04F-DC24-4A98-B2E0-7FDAE324C0BA}.Release|Any CPU.ActiveCfg = Release|Any CPU
		{F94DF04F-DC24-4A98-B2E0-7FDAE324C0BA}.Release|Any CPU.Build.0 = Release|Any CPU
		{D090FB0A-D959-4357-AFC6-FF5382508DC9}.Debug|Any CPU.ActiveCfg = Debug|Any CPU
		{D090FB0A-D959-4357-AFC6-FF5382508DC9}.Debug|Any CPU.Build.0 = Debug|Any CPU
		{D090FB0A-D959-4357-AFC6-FF5382508DC9}.Release|Any CPU.ActiveCfg = Release|Any CPU
		{D090FB0A-D959-4357-AFC6-FF5382508DC9}.Release|Any CPU.Build.0 = Release|Any CPU
		{2E047E73-FF70-D66E-AEC4-29494A8C127A}.Debug|Any CPU.ActiveCfg = Debug|Any CPU
		{2E047E73-FF70-D66E-AEC4-29494A8C127A}.Debug|Any CPU.Build.0 = Debug|Any CPU
		{2E047E73-FF70-D66E-AEC4-29494A8C127A}.Release|Any CPU.ActiveCfg = Release|Any CPU
		{2E047E73-FF70-D66E-AEC4-29494A8C127A}.Release|Any CPU.Build.0 = Release|Any CPU
		{B71C293A-6F89-1E00-CE46-6729C0186AE7}.Debug|Any CPU.ActiveCfg = Debug|Any CPU
		{B71C293A-6F89-1E00-CE46-6729C0186AE7}.Debug|Any CPU.Build.0 = Debug|Any CPU
		{B71C293A-6F89-1E00-CE46-6729C0186AE7}.Release|Any CPU.ActiveCfg = Release|Any CPU
		{B71C293A-6F89-1E00-CE46-6729C0186AE7}.Release|Any CPU.Build.0 = Release|Any CPU
		{857CCADE-ED02-56AA-EFF0-8AFE079DFC79}.Debug|Any CPU.ActiveCfg = Debug|Any CPU
		{857CCADE-ED02-56AA-EFF0-8AFE079DFC79}.Debug|Any CPU.Build.0 = Debug|Any CPU
		{857CCADE-ED02-56AA-EFF0-8AFE079DFC79}.Release|Any CPU.ActiveCfg = Release|Any CPU
		{857CCADE-ED02-56AA-EFF0-8AFE079DFC79}.Release|Any CPU.Build.0 = Release|Any CPU
		{88A33C81-4D77-36C6-CF33-439ADA154AEA}.Debug|Any CPU.ActiveCfg = Debug|Any CPU
		{88A33C81-4D77-36C6-CF33-439ADA154AEA}.Debug|Any CPU.Build.0 = Debug|Any CPU
		{88A33C81-4D77-36C6-CF33-439ADA154AEA}.Release|Any CPU.ActiveCfg = Release|Any CPU
		{88A33C81-4D77-36C6-CF33-439ADA154AEA}.Release|Any CPU.Build.0 = Release|Any CPU
		{55A714C8-DB5C-F579-6014-3621020E1ED6}.Debug|Any CPU.ActiveCfg = Debug|Any CPU
		{55A714C8-DB5C-F579-6014-3621020E1ED6}.Debug|Any CPU.Build.0 = Debug|Any CPU
		{55A714C8-DB5C-F579-6014-3621020E1ED6}.Release|Any CPU.ActiveCfg = Release|Any CPU
		{55A714C8-DB5C-F579-6014-3621020E1ED6}.Release|Any CPU.Build.0 = Release|Any CPU
		{68AD308D-DB4C-E550-EF66-07EC96B22AE5}.Debug|Any CPU.ActiveCfg = Debug|Any CPU
		{68AD308D-DB4C-E550-EF66-07EC96B22AE5}.Debug|Any CPU.Build.0 = Debug|Any CPU
		{68AD308D-DB4C-E550-EF66-07EC96B22AE5}.Release|Any CPU.ActiveCfg = Release|Any CPU
		{68AD308D-DB4C-E550-EF66-07EC96B22AE5}.Release|Any CPU.Build.0 = Release|Any CPU
		{4021EC87-C766-184D-8D63-D22442E1094F}.Debug|Any CPU.ActiveCfg = Debug|Any CPU
		{4021EC87-C766-184D-8D63-D22442E1094F}.Debug|Any CPU.Build.0 = Debug|Any CPU
		{4021EC87-C766-184D-8D63-D22442E1094F}.Release|Any CPU.ActiveCfg = Release|Any CPU
		{4021EC87-C766-184D-8D63-D22442E1094F}.Release|Any CPU.Build.0 = Release|Any CPU
		{0C9693F2-2670-1376-BD89-5966454A7144}.Debug|Any CPU.ActiveCfg = Debug|Any CPU
		{0C9693F2-2670-1376-BD89-5966454A7144}.Debug|Any CPU.Build.0 = Debug|Any CPU
		{0C9693F2-2670-1376-BD89-5966454A7144}.Release|Any CPU.ActiveCfg = Release|Any CPU
		{0C9693F2-2670-1376-BD89-5966454A7144}.Release|Any CPU.Build.0 = Release|Any CPU
		{D9203A80-DFE1-97CB-57AC-E7BF02B7048F}.Debug|Any CPU.ActiveCfg = Debug|Any CPU
		{D9203A80-DFE1-97CB-57AC-E7BF02B7048F}.Debug|Any CPU.Build.0 = Debug|Any CPU
		{D9203A80-DFE1-97CB-57AC-E7BF02B7048F}.Release|Any CPU.ActiveCfg = Release|Any CPU
		{D9203A80-DFE1-97CB-57AC-E7BF02B7048F}.Release|Any CPU.Build.0 = Release|Any CPU
		{7DC4B15C-9537-F7D1-14A7-2EE980B306C8}.Debug|Any CPU.ActiveCfg = Debug|Any CPU
		{7DC4B15C-9537-F7D1-14A7-2EE980B306C8}.Debug|Any CPU.Build.0 = Debug|Any CPU
		{7DC4B15C-9537-F7D1-14A7-2EE980B306C8}.Release|Any CPU.ActiveCfg = Release|Any CPU
		{7DC4B15C-9537-F7D1-14A7-2EE980B306C8}.Release|Any CPU.Build.0 = Release|Any CPU
		{E2B5EBE9-1A6E-BB25-540F-3EFDD046BDFC}.Debug|Any CPU.ActiveCfg = Debug|Any CPU
		{E2B5EBE9-1A6E-BB25-540F-3EFDD046BDFC}.Debug|Any CPU.Build.0 = Debug|Any CPU
		{E2B5EBE9-1A6E-BB25-540F-3EFDD046BDFC}.Release|Any CPU.ActiveCfg = Release|Any CPU
		{E2B5EBE9-1A6E-BB25-540F-3EFDD046BDFC}.Release|Any CPU.Build.0 = Release|Any CPU
		{5401885D-1B7E-433E-A70F-E38DD49AE06C}.Debug|Any CPU.ActiveCfg = Debug|Any CPU
		{5401885D-1B7E-433E-A70F-E38DD49AE06C}.Debug|Any CPU.Build.0 = Debug|Any CPU
		{5401885D-1B7E-433E-A70F-E38DD49AE06C}.Release|Any CPU.ActiveCfg = Release|Any CPU
		{5401885D-1B7E-433E-A70F-E38DD49AE06C}.Release|Any CPU.Build.0 = Release|Any CPU
	EndGlobalSection
	GlobalSection(SolutionProperties) = preSolution
		HideSolutionNode = FALSE
	EndGlobalSection
	GlobalSection(NestedProjects) = preSolution
		{9550FB6E-3F57-4B86-A5C6-F38FC648EC46} = {02EA681E-C7D8-13C7-8484-4AC65E1B71E8}
		{93728AC5-2BEC-4D55-B835-5178FD161D61} = {02EA681E-C7D8-13C7-8484-4AC65E1B71E8}
		{AC38A138-F91B-4CE9-9DE1-46D29F0E995D} = {BB818770-3B6F-4591-AC52-284EAA17D5B2}
		{0EF6EEBC-B1AC-4160-B3CA-FECA67061DB2} = {BB818770-3B6F-4591-AC52-284EAA17D5B2}
		{70BC3F8C-574B-4195-BFA2-50A53D3BFE5C} = {BB818770-3B6F-4591-AC52-284EAA17D5B2}
		{6A75CDD3-3110-69FD-FD6A-B5750DBF5620} = {0EF6EEBC-B1AC-4160-B3CA-FECA67061DB2}
		{00F956B3-291A-DBDB-23A5-9986255B65B0} = {70BC3F8C-574B-4195-BFA2-50A53D3BFE5C}
		{FDB1DCED-F6BA-4D5E-BF62-E2EFB0B4BF7E} = {8BC70A1B-724E-4116-B626-0E8D32562CCA}
		{F94DF04F-DC24-4A98-B2E0-7FDAE324C0BA} = {8BC70A1B-724E-4116-B626-0E8D32562CCA}
		{D090FB0A-D959-4357-AFC6-FF5382508DC9} = {8BC70A1B-724E-4116-B626-0E8D32562CCA}
		{60FAD85A-81FC-406B-A381-0E7BC84F7CBC} = {02EA681E-C7D8-13C7-8484-4AC65E1B71E8}
		{58388161-9068-48A4-B485-8DAFA67B3480} = {02EA681E-C7D8-13C7-8484-4AC65E1B71E8}
		{2E047E73-FF70-D66E-AEC4-29494A8C127A} = {5C386836-29CB-4B30-84E8-3EAC4EC487B7}
		{B71C293A-6F89-1E00-CE46-6729C0186AE7} = {5C386836-29CB-4B30-84E8-3EAC4EC487B7}
		{857CCADE-ED02-56AA-EFF0-8AFE079DFC79} = {9550FB6E-3F57-4B86-A5C6-F38FC648EC46}
		{88A33C81-4D77-36C6-CF33-439ADA154AEA} = {93728AC5-2BEC-4D55-B835-5178FD161D61}
		{55A714C8-DB5C-F579-6014-3621020E1ED6} = {60FAD85A-81FC-406B-A381-0E7BC84F7CBC}
		{68AD308D-DB4C-E550-EF66-07EC96B22AE5} = {60FAD85A-81FC-406B-A381-0E7BC84F7CBC}
		{4021EC87-C766-184D-8D63-D22442E1094F} = {828D8616-2A59-41C8-800E-5B748B9D43B0}
		{0C9693F2-2670-1376-BD89-5966454A7144} = {AC38A138-F91B-4CE9-9DE1-46D29F0E995D}
		{D9203A80-DFE1-97CB-57AC-E7BF02B7048F} = {AC38A138-F91B-4CE9-9DE1-46D29F0E995D}
		{7DC4B15C-9537-F7D1-14A7-2EE980B306C8} = {AC38A138-F91B-4CE9-9DE1-46D29F0E995D}
		{E2B5EBE9-1A6E-BB25-540F-3EFDD046BDFC} = {AC38A138-F91B-4CE9-9DE1-46D29F0E995D}
		{5401885D-1B7E-433E-A70F-E38DD49AE06C} = {58388161-9068-48A4-B485-8DAFA67B3480}
	EndGlobalSection
	GlobalSection(ExtensibilityGlobals) = postSolution
		SolutionGuid = {6F8CFDB7-F059-4959-81B8-F4CBBA060103}
	EndGlobalSection
EndGlobal
