
Microsoft Visual Studio Solution File, Format Version 12.00
# Visual Studio Version 17
VisualStudioVersion = 17.13.35723.152
MinimumVisualStudioVersion = 10.0.40219.1
Project("{2150E333-8FDC-42A3-9474-1A3956D46DE8}") = "Core", "Core", "{02EA681E-C7D8-13C7-8484-4AC65E1B71E8}"
EndProject
Project("{2150E333-8FDC-42A3-9474-1A3956D46DE8}") = "Gateway", "Gateway", "{828D8616-2A59-41C8-800E-5B748B9D43B0}"
EndProject
Project("{2150E333-8FDC-42A3-9474-1A3956D46DE8}") = "Services", "Services", "{BB818770-3B6F-4591-AC52-284EAA17D5B2}"
EndProject
Project("{2150E333-8FDC-42A3-9474-1A3956D46DE8}") = "Tests", "Tests", "{8BC70A1B-724E-4116-B626-0E8D32562CCA}"
EndProject
Project("{2150E333-8FDC-42A3-9474-1A3956D46DE8}") = "Aspire", "Aspire", "{5C386836-29CB-4B30-84E8-3EAC4EC487B7}"
EndProject
Project("{FAE04EC0-301F-11D3-BF4B-00C04F79EFBC}") = "AppHost", "src\Aspire\AppHost\AppHost.csproj", "{3606AAC0-2AA9-E2C7-21DC-556FBD0249BB}"
EndProject
Project("{FAE04EC0-301F-11D3-BF4B-00C04F79EFBC}") = "ServiceDefaults", "src\Aspire\ServiceDefaults\ServiceDefaults.csproj", "{36131A1F-5B79-D844-1F38-FE0C9600D072}"
EndProject
Project("{2150E333-8FDC-42A3-9474-1A3956D46DE8}") = "Application", "Application", "{9550FB6E-3F57-4B86-A5C6-F38FC648EC46}"
EndProject
Project("{2150E333-8FDC-42A3-9474-1A3956D46DE8}") = "Domain", "Domain", "{93728AC5-2BEC-4D55-B835-5178FD161D61}"
EndProject
Project("{2150E333-8FDC-42A3-9474-1A3956D46DE8}") = "Shared", "Shared", "{8F93664C-6A08-4F69-9CC6-8AE4555C6C2F}"
EndProject
Project("{FAE04EC0-301F-11D3-BF4B-00C04F79EFBC}") = "Shared", "src\Core\Shared\Shared.csproj", "{2A59847A-F9AA-4283-9ACE-C00B2631AC84}"
EndProject
Project("{FAE04EC0-301F-11D3-BF4B-00C04F79EFBC}") = "Gateway", "src\Gateway\Gateway\Gateway.csproj", "{635669C0-098B-DCF1-A4A1-DF38CED341DE}"
EndProject
Project("{2150E333-8FDC-42A3-9474-1A3956D46DE8}") = "Monitoring", "Monitoring", "{AC38A138-F91B-4CE9-9DE1-46D29F0E995D}"
EndProject
Project("{2150E333-8FDC-42A3-9474-1A3956D46DE8}") = "Alerts", "Alerts", "{0EF6EEBC-B1AC-4160-B3CA-FECA67061DB2}"
EndProject
Project("{2150E333-8FDC-42A3-9474-1A3956D46DE8}") = "Reporting", "Reporting", "{70BC3F8C-574B-4195-BFA2-50A53D3BFE5C}"
EndProject
Project("{FAE04EC0-301F-11D3-BF4B-00C04F79EFBC}") = "Alerts.Api", "src\Services\Alerts.Api\Alerts.Api.csproj", "{6A75CDD3-3110-69FD-FD6A-B5750DBF5620}"
EndProject
Project("{FAE04EC0-301F-11D3-BF4B-00C04F79EFBC}") = "Monitoring.Api", "src\Services\Monitoring.Api\Monitoring.Api.csproj", "{E7203EE2-8B70-109A-A92E-59A29792887D}"
EndProject
Project("{FAE04EC0-301F-11D3-BF4B-00C04F79EFBC}") = "Reporting.Api", "src\Services\Reporting.Api\Reporting.Api.csproj", "{00F956B3-291A-DBDB-23A5-9986255B65B0}"
EndProject
Project("{FAE04EC0-301F-11D3-BF4B-00C04F79EFBC}") = "Shared.Infrastructure", "src\Core\Shared.Infrastructure\Shared.Infrastructure.csproj", "{0038A4C6-28C7-4A36-A9FD-E3CCE5D7C0A5}"
EndProject
Project("{FAE04EC0-301F-11D3-BF4B-00C04F79EFBC}") = "Shared.Domain", "src\Core\Shared.Domain\Shared.Domain.csproj", "{EAD2FE33-E2F8-4C4B-A323-5F43208A701A}"
EndProject
Project("{FAE04EC0-301F-11D3-BF4B-00C04F79EFBC}") = "Shared.Data", "src\Core\Shared.Data\Shared.Data.csproj", "{BCFB2743-1ED4-41EC-8346-6EFC1934E8C8}"
EndProject
Project("{FAE04EC0-301F-11D3-BF4B-00C04F79EFBC}") = "UnitTests", "src\Tests\UnitTests\UnitTests.csproj", "{FDB1DCED-F6BA-4D5E-BF62-E2EFB0B4BF7E}"
EndProject
Project("{FAE04EC0-301F-11D3-BF4B-00C04F79EFBC}") = "IntegrationTests", "src\Tests\IntegrationTests\IntegrationTests.csproj", "{F94DF04F-DC24-4A98-B2E0-7FDAE324C0BA}"
EndProject
Project("{FAE04EC0-301F-11D3-BF4B-00C04F79EFBC}") = "E2ETests", "src\Tests\E2ETests\E2ETests.csproj", "{D090FB0A-D959-4357-AFC6-FF5382508DC9}"
EndProject
Project("{2150E333-8FDC-42A3-9474-1A3956D46DE8}") = "Infrastructure", "Infrastructure", "{60FAD85A-81FC-406B-A381-0E7BC84F7CBC}"
EndProject
Project("{FAE04EC0-301F-11D3-BF4B-00C04F79EFBC}") = "Infrastructure.CosmosDb", "src\Core\Infrastructure.CosmosDb\Infrastructure.CosmosDb.csproj", "{8EFD736D-6618-44CD-AAFC-34B524E457D3}"
EndProject
Project("{2150E333-8FDC-42A3-9474-1A3956D46DE8}") = "Data", "Data", "{58388161-9068-48A4-B485-8DAFA67B3480}"
EndProject
Global
	GlobalSection(SolutionConfigurationPlatforms) = preSolution
		Debug|Any CPU = Debug|Any CPU
		Release|Any CPU = Release|Any CPU
	EndGlobalSection
	GlobalSection(ProjectConfigurationPlatforms) = postSolution
		{3606AAC0-2AA9-E2C7-21DC-556FBD0249BB}.Debug|Any CPU.ActiveCfg = Debug|Any CPU
		{3606AAC0-2AA9-E2C7-21DC-556FBD0249BB}.Debug|Any CPU.Build.0 = Debug|Any CPU
		{3606AAC0-2AA9-E2C7-21DC-556FBD0249BB}.Release|Any CPU.ActiveCfg = Release|Any CPU
		{3606AAC0-2AA9-E2C7-21DC-556FBD0249BB}.Release|Any CPU.Build.0 = Release|Any CPU
		{36131A1F-5B79-D844-1F38-FE0C9600D072}.Debug|Any CPU.ActiveCfg = Debug|Any CPU
		{36131A1F-5B79-D844-1F38-FE0C9600D072}.Debug|Any CPU.Build.0 = Debug|Any CPU
		{36131A1F-5B79-D844-1F38-FE0C9600D072}.Release|Any CPU.ActiveCfg = Release|Any CPU
		{36131A1F-5B79-D844-1F38-FE0C9600D072}.Release|Any CPU.Build.0 = Release|Any CPU
		{2A59847A-F9AA-4283-9ACE-C00B2631AC84}.Debug|Any CPU.ActiveCfg = Debug|Any CPU
		{2A59847A-F9AA-4283-9ACE-C00B2631AC84}.Debug|Any CPU.Build.0 = Debug|Any CPU
		{2A59847A-F9AA-4283-9ACE-C00B2631AC84}.Release|Any CPU.ActiveCfg = Release|Any CPU
		{2A59847A-F9AA-4283-9ACE-C00B2631AC84}.Release|Any CPU.Build.0 = Release|Any CPU
		{635669C0-098B-DCF1-A4A1-DF38CED341DE}.Debug|Any CPU.ActiveCfg = Debug|Any CPU
		{635669C0-098B-DCF1-A4A1-DF38CED341DE}.Debug|Any CPU.Build.0 = Debug|Any CPU
		{635669C0-098B-DCF1-A4A1-DF38CED341DE}.Release|Any CPU.ActiveCfg = Release|Any CPU
		{635669C0-098B-DCF1-A4A1-DF38CED341DE}.Release|Any CPU.Build.0 = Release|Any CPU
		{6A75CDD3-3110-69FD-FD6A-B5750DBF5620}.Debug|Any CPU.ActiveCfg = Debug|Any CPU
		{6A75CDD3-3110-69FD-FD6A-B5750DBF5620}.Debug|Any CPU.Build.0 = Debug|Any CPU
		{6A75CDD3-3110-69FD-FD6A-B5750DBF5620}.Release|Any CPU.ActiveCfg = Release|Any CPU
		{6A75CDD3-3110-69FD-FD6A-B5750DBF5620}.Release|Any CPU.Build.0 = Release|Any CPU
		{E7203EE2-8B70-109A-A92E-59A29792887D}.Debug|Any CPU.ActiveCfg = Debug|Any CPU
		{E7203EE2-8B70-109A-A92E-59A29792887D}.Debug|Any CPU.Build.0 = Debug|Any CPU
		{E7203EE2-8B70-109A-A92E-59A29792887D}.Release|Any CPU.ActiveCfg = Release|Any CPU
		{E7203EE2-8B70-109A-A92E-59A29792887D}.Release|Any CPU.Build.0 = Release|Any CPU
		{00F956B3-291A-DBDB-23A5-9986255B65B0}.Debug|Any CPU.ActiveCfg = Debug|Any CPU
		{00F956B3-291A-DBDB-23A5-9986255B65B0}.Debug|Any CPU.Build.0 = Debug|Any CPU
		{00F956B3-291A-DBDB-23A5-9986255B65B0}.Release|Any CPU.ActiveCfg = Release|Any CPU
		{00F956B3-291A-DBDB-23A5-9986255B65B0}.Release|Any CPU.Build.0 = Release|Any CPU
		{0038A4C6-28C7-4A36-A9FD-E3CCE5D7C0A5}.Debug|Any CPU.ActiveCfg = Debug|Any CPU
		{0038A4C6-28C7-4A36-A9FD-E3CCE5D7C0A5}.Debug|Any CPU.Build.0 = Debug|Any CPU
		{0038A4C6-28C7-4A36-A9FD-E3CCE5D7C0A5}.Release|Any CPU.ActiveCfg = Release|Any CPU
		{0038A4C6-28C7-4A36-A9FD-E3CCE5D7C0A5}.Release|Any CPU.Build.0 = Release|Any CPU
		{EAD2FE33-E2F8-4C4B-A323-5F43208A701A}.Debug|Any CPU.ActiveCfg = Debug|Any CPU
		{EAD2FE33-E2F8-4C4B-A323-5F43208A701A}.Debug|Any CPU.Build.0 = Debug|Any CPU
		{EAD2FE33-E2F8-4C4B-A323-5F43208A701A}.Release|Any CPU.ActiveCfg = Release|Any CPU
		{EAD2FE33-E2F8-4C4B-A323-5F43208A701A}.Release|Any CPU.Build.0 = Release|Any CPU
		{BCFB2743-1ED4-41EC-8346-6EFC1934E8C8}.Debug|Any CPU.ActiveCfg = Debug|Any CPU
		{BCFB2743-1ED4-41EC-8346-6EFC1934E8C8}.Debug|Any CPU.Build.0 = Debug|Any CPU
		{BCFB2743-1ED4-41EC-8346-6EFC1934E8C8}.Release|Any CPU.ActiveCfg = Release|Any CPU
		{BCFB2743-1ED4-41EC-8346-6EFC1934E8C8}.Release|Any CPU.Build.0 = Release|Any CPU
		{FDB1DCED-F6BA-4D5E-BF62-E2EFB0B4BF7E}.Debug|Any CPU.ActiveCfg = Debug|Any CPU
		{FDB1DCED-F6BA-4D5E-BF62-E2EFB0B4BF7E}.Debug|Any CPU.Build.0 = Debug|Any CPU
		{FDB1DCED-F6BA-4D5E-BF62-E2EFB0B4BF7E}.Release|Any CPU.ActiveCfg = Release|Any CPU
		{FDB1DCED-F6BA-4D5E-BF62-E2EFB0B4BF7E}.Release|Any CPU.Build.0 = Release|Any CPU
		{F94DF04F-DC24-4A98-B2E0-7FDAE324C0BA}.Debug|Any CPU.ActiveCfg = Debug|Any CPU
		{F94DF04F-DC24-4A98-B2E0-7FDAE324C0BA}.Debug|Any CPU.Build.0 = Debug|Any CPU
		{F94DF04F-DC24-4A98-B2E0-7FDAE324C0BA}.Release|Any CPU.ActiveCfg = Release|Any CPU
		{F94DF04F-DC24-4A98-B2E0-7FDAE324C0BA}.Release|Any CPU.Build.0 = Release|Any CPU
		{D090FB0A-D959-4357-AFC6-FF5382508DC9}.Debug|Any CPU.ActiveCfg = Debug|Any CPU
		{D090FB0A-D959-4357-AFC6-FF5382508DC9}.Debug|Any CPU.Build.0 = Debug|Any CPU
		{D090FB0A-D959-4357-AFC6-FF5382508DC9}.Release|Any CPU.ActiveCfg = Release|Any CPU
		{D090FB0A-D959-4357-AFC6-FF5382508DC9}.Release|Any CPU.Build.0 = Release|Any CPU
		{8EFD736D-6618-44CD-AAFC-34B524E457D3}.Debug|Any CPU.ActiveCfg = Debug|Any CPU
		{8EFD736D-6618-44CD-AAFC-34B524E457D3}.Debug|Any CPU.Build.0 = Debug|Any CPU
		{8EFD736D-6618-44CD-AAFC-34B524E457D3}.Release|Any CPU.ActiveCfg = Release|Any CPU
		{8EFD736D-6618-44CD-AAFC-34B524E457D3}.Release|Any CPU.Build.0 = Release|Any CPU
	EndGlobalSection
	GlobalSection(SolutionProperties) = preSolution
		HideSolutionNode = FALSE
	EndGlobalSection
	GlobalSection(NestedProjects) = preSolution
		{3606AAC0-2AA9-E2C7-21DC-556FBD0249BB} = {5C386836-29CB-4B30-84E8-3EAC4EC487B7}
		{36131A1F-5B79-D844-1F38-FE0C9600D072} = {5C386836-29CB-4B30-84E8-3EAC4EC487B7}
		{9550FB6E-3F57-4B86-A5C6-F38FC648EC46} = {02EA681E-C7D8-13C7-8484-4AC65E1B71E8}
		{93728AC5-2BEC-4D55-B835-5178FD161D61} = {02EA681E-C7D8-13C7-8484-4AC65E1B71E8}
		{8F93664C-6A08-4F69-9CC6-8AE4555C6C2F} = {02EA681E-C7D8-13C7-8484-4AC65E1B71E8}
		{2A59847A-F9AA-4283-9ACE-C00B2631AC84} = {8F93664C-6A08-4F69-9CC6-8AE4555C6C2F}
		{635669C0-098B-DCF1-A4A1-DF38CED341DE} = {828D8616-2A59-41C8-800E-5B748B9D43B0}
		{AC38A138-F91B-4CE9-9DE1-46D29F0E995D} = {BB818770-3B6F-4591-AC52-284EAA17D5B2}
		{0EF6EEBC-B1AC-4160-B3CA-FECA67061DB2} = {BB818770-3B6F-4591-AC52-284EAA17D5B2}
		{70BC3F8C-574B-4195-BFA2-50A53D3BFE5C} = {BB818770-3B6F-4591-AC52-284EAA17D5B2}
		{6A75CDD3-3110-69FD-FD6A-B5750DBF5620} = {0EF6EEBC-B1AC-4160-B3CA-FECA67061DB2}
		{E7203EE2-8B70-109A-A92E-59A29792887D} = {AC38A138-F91B-4CE9-9DE1-46D29F0E995D}
		{00F956B3-291A-DBDB-23A5-9986255B65B0} = {70BC3F8C-574B-4195-BFA2-50A53D3BFE5C}
		{0038A4C6-28C7-4A36-A9FD-E3CCE5D7C0A5} = {8F93664C-6A08-4F69-9CC6-8AE4555C6C2F}
		{EAD2FE33-E2F8-4C4B-A323-5F43208A701A} = {8F93664C-6A08-4F69-9CC6-8AE4555C6C2F}
		{BCFB2743-1ED4-41EC-8346-6EFC1934E8C8} = {8F93664C-6A08-4F69-9CC6-8AE4555C6C2F}
		{FDB1DCED-F6BA-4D5E-BF62-E2EFB0B4BF7E} = {8BC70A1B-724E-4116-B626-0E8D32562CCA}
		{F94DF04F-DC24-4A98-B2E0-7FDAE324C0BA} = {8BC70A1B-724E-4116-B626-0E8D32562CCA}
		{D090FB0A-D959-4357-AFC6-FF5382508DC9} = {8BC70A1B-724E-4116-B626-0E8D32562CCA}
		{60FAD85A-81FC-406B-A381-0E7BC84F7CBC} = {02EA681E-C7D8-13C7-8484-4AC65E1B71E8}
		{8EFD736D-6618-44CD-AAFC-34B524E457D3} = {60FAD85A-81FC-406B-A381-0E7BC84F7CBC}
		{58388161-9068-48A4-B485-8DAFA67B3480} = {02EA681E-C7D8-13C7-8484-4AC65E1B71E8}
	EndGlobalSection
	GlobalSection(ExtensibilityGlobals) = postSolution
		SolutionGuid = {6F8CFDB7-F059-4959-81B8-F4CBBA060103}
	EndGlobalSection
EndGlobal
